{
  "name": "vscode-sqflint-debugger",
  "version": "0.0.1",
  "lockfileVersion": 1,
  "requires": true,
  "dependencies": {
    "@types/node": {
      "version": "10.1.4",
      "resolved": "https://registry.npmjs.org/@types/node/-/node-10.1.4.tgz",
      "integrity": "sha512-GpQxofkdlHYxjHad98UUdNoMO7JrmzQZoAaghtNg14Gwg7YkohcrCoJEcEMSgllx4VIZ+mYw7ZHjfaeIagP/rg=="
    },
    "@types/promise": {
      "version": "7.1.30",
      "resolved": "https://registry.npmjs.org/@types/promise/-/promise-7.1.30.tgz",
      "integrity": "sha1-G2cUsyH9/FTRUn56FxFqDh8quBA="
    },
    "typescript": {
      "version": "2.8.4",
      "resolved": "https://registry.npmjs.org/typescript/-/typescript-2.8.4.tgz",
      "integrity": "sha512-IIU5cN1mR5J3z9jjdESJbnxikTrEz3lzAw/D0Tf45jHpBp55nY31UkUvmVHoffCfKHTqJs3fCLPDxknQTTFegQ==",
      "dev": true
    },
    "vscode-debugadapter": {
      "version": "1.29.0",
      "resolved": "https://registry.npmjs.org/vscode-debugadapter/-/vscode-debugadapter-1.29.0.tgz",
      "integrity": "sha512-4lQ6C34hLyUaPEEfj1U/LjdNFr6zdQbraVXDE9TyVLpnO8W8ZleONgOVbNVc4NPV2joANG7gzov739TIVTspBw==",
      "requires": {
        "vscode-debugprotocol": "1.29.0",
        "vscode-uri": "1.0.1"
      }
    },
    "vscode-debugadapter-testsupport": {
      "version": "1.29.0",
      "resolved": "https://registry.npmjs.org/vscode-debugadapter-testsupport/-/vscode-debugadapter-testsupport-1.29.0.tgz",
      "integrity": "sha512-4P0h3gfe7MNw9FXx0k/TpKBJMA4s880Gu+puxuOHOY3txYpIGC1I2jQdPlWt0XPWK2Qcz7q/biQ221cfavqifw==",
      "requires": {
        "vscode-debugprotocol": "1.29.0"
      }
    },
    "vscode-debugprotocol": {
      "version": "1.29.0",
      "resolved": "https://registry.npmjs.org/vscode-debugprotocol/-/vscode-debugprotocol-1.29.0.tgz",
      "integrity": "sha512-jrbSayWof7jyXo7VRhIcTcsjWeiPloi6vzbrucVarKvuSrZUV7Bc+ggQRSG1lzNiMmBG5AHIe/Npf6G2q4SBiw=="
    },
    "vscode-uri": {
      "version": "1.0.1",
      "resolved": "https://registry.npmjs.org/vscode-uri/-/vscode-uri-1.0.1.tgz",
      "integrity": "sha1-Eahr7+rDxKo+wIYjZRo8gabQu8g="
    }
  }
}
